// !$*UTF8*$!
{
	archiveVersion = 1;
	classes = {
	};
	objectVersion = 77;
	objects = {

/* Begin PBXBuildFile section */
		A918CDC62DABE72000533615 /* README.md in Resources */ = {isa = PBXBuildFile; fileRef = A918CDC52DABE71600533615 /* README.md */; };
/* End PBXBuildFile section */

/* Begin PBXContainerItemProxy section */
		A918CDA32DABE15300533615 /* PBXContainerItemProxy */ = {
			isa = PBXContainerItemProxy;
			containerPortal = A918CD892DABE15100533615 /* Project object */;
			proxyType = 1;
			remoteGlobalIDString = A918CD902DABE15100533615;
			remoteInfo = WebsiteListApp;
		};
		A918CDAD2DABE15300533615 /* PBXContainerItemProxy */ = {
			isa = PBXContainerItemProxy;
			containerPortal = A918CD892DABE15100533615 /* Project object */;
			proxyType = 1;
			remoteGlobalIDString = A918CD902DABE15100533615;
			remoteInfo = WebsiteListApp;
		};
/* End PBXContainerItemProxy section */

/* Begin PBXFileReference section */
		A918CD912DABE15100533615 /* WebsiteListApp.app */ = {isa = PBXFileReference; explicitFileType = wrapper.application; includeInIndex = 0; path = WebsiteListApp.app; sourceTree = BUILT_PRODUCTS_DIR; };
		A918CDA22DABE15300533615 /* WebsiteListAppTests.xctest */ = {isa = PBXFileReference; explicitFileType = wrapper.cfbundle; includeInIndex = 0; path = WebsiteListAppTests.xctest; sourceTree = BUILT_PRODUCTS_DIR; };
		A918CDAC2DABE15300533615 /* WebsiteListAppUITests.xctest */ = {isa = PBXFileReference; explicitFileType = wrapper.cfbundle; includeInIndex = 0; path = WebsiteListAppUITests.xctest; sourceTree = BUILT_PRODUCTS_DIR; };
		A918CDC52DABE71600533615 /* README.md */ = {isa = PBXFileReference; lastKnownFileType = net.daringfireball.markdown; path = README.md; sourceTree = "<group>"; };
/* End PBXFileReference section */

/* Begin PBXFileSystemSynchronizedRootGroup section */
		A918CD932DABE15100533615 /* WebsiteListApp */ = {
			isa = PBXFileSystemSynchronizedRootGroup;
			path = WebsiteListApp;
			sourceTree = "<group>";
		};
		A918CDA52DABE15300533615 /* WebsiteListAppTests */ = {
			isa = PBXFileSystemSynchronizedRootGroup;
			path = WebsiteListAppTests;
			sourceTree = "<group>";
		};
		A918CDAF2DABE15300533615 /* WebsiteListAppUITests */ = {
			isa = PBXFileSystemSynchronizedRootGroup;
			path = WebsiteListAppUITests;
			sourceTree = "<group>";
		};
/* End PBXFileSystemSynchronizedRootGroup section */

/* Begin PBXFrameworksBuildPhase section */
		A918CD8E2DABE15100533615 /* Frameworks */ = {
			isa = PBXFrameworksBuildPhase;
			buildActionMask = 2147483647;
			files = (
			);
			runOnlyForDeploymentPostprocessing = 0;
		};
		A918CD9F2DABE15300533615 /* Frameworks */ = {
			isa = PBXFrameworksBuildPhase;
			buildActionMask = 2147483647;
			files = (
			);
			runOnlyForDeploymentPostprocessing = 0;
		};
		A918CDA92DABE15300533615 /* Frameworks */ = {
			isa = PBXFrameworksBuildPhase;
			buildActionMask = 2147483647;
			files = (
			);
			runOnlyForDeploymentPostprocessing = 0;
		};
/* End PBXFrameworksBuildPhase section */

/* Begin PBXGroup section */
		A918CD882DABE15100533615 = {
			isa = PBXGroup;
			children = (
				A918CDC52DABE71600533615 /* README.md */,
				A918CD932DABE15100533615 /* WebsiteListApp */,
				A918CDA52DABE15300533615 /* WebsiteListAppTests */,
				A918CDAF2DABE15300533615 /* WebsiteListAppUITests */,
				A918CD922DABE15100533615 /* Products */,
			);
			sourceTree = "<group>";
		};
		A918CD922DABE15100533615 /* Products */ = {
			isa = PBXGroup;
			children = (
				A918CD912DABE15100533615 /* WebsiteListApp.app */,
				A918CDA22DABE15300533615 /* WebsiteListAppTests.xctest */,
				A918CDAC2DABE15300533615 /* WebsiteListAppUITests.xctest */,
			);
			name = Products;
			sourceTree = "<group>";
		};
/* End PBXGroup section */

/* Begin PBXNativeTarget section */
		A918CD902DABE15100533615 /* WebsiteListApp */ = {
			isa = PBXNativeTarget;
			buildConfigurationList = A918CDB62DABE15300533615 /* Build configuration list for PBXNativeTarget "WebsiteListApp" */;
			buildPhases = (
				A918CD8D2DABE15100533615 /* Sources */,
				A918CD8E2DABE15100533615 /* Frameworks */,
				A918CD8F2DABE15100533615 /* Resources */,
			);
			buildRules = (
			);
			dependencies = (
			);
			fileSystemSynchronizedGroups = (
				A918CD932DABE15100533615 /* WebsiteListApp */,
			);
			name = WebsiteListApp;
			packageProductDependencies = (
			);
			productName = WebsiteListApp;
			productReference = A918CD912DABE15100533615 /* WebsiteListApp.app */;
			productType = "com.apple.product-type.application";
		};
		A918CDA12DABE15300533615 /* WebsiteListAppTests */ = {
			isa = PBXNativeTarget;
			buildConfigurationList = A918CDB92DABE15300533615 /* Build configuration list for PBXNativeTarget "WebsiteListAppTests" */;
			buildPhases = (
				A918CD9E2DABE15300533615 /* Sources */,
				A918CD9F2DABE15300533615 /* Frameworks */,
				A918CDA02DABE15300533615 /* Resources */,
			);
			buildRules = (
			);
			dependencies = (
				A918CDA42DABE15300533615 /* PBXTargetDependency */,
			);
			fileSystemSynchronizedGroups = (
				A918CDA52DABE15300533615 /* WebsiteListAppTests */,
			);
			name = WebsiteListAppTests;
			packageProductDependencies = (
			);
			productName = WebsiteListAppTests;
			productReference = A918CDA22DABE15300533615 /* WebsiteListAppTests.xctest */;
			productType = "com.apple.product-type.bundle.unit-test";
		};
		A918CDAB2DABE15300533615 /* WebsiteListAppUITests */ = {
			isa = PBXNativeTarget;
			buildConfigurationList = A918CDBC2DABE15300533615 /* Build configuration list for PBXNativeTarget "WebsiteListAppUITests" */;
			buildPhases = (
				A918CDA82DABE15300533615 /* Sources */,
				A918CDA92DABE15300533615 /* Frameworks */,
				A918CDAA2DABE15300533615 /* Resources */,
			);
			buildRules = (
			);
			dependencies = (
				A918CDAE2DABE15300533615 /* PBXTargetDependency */,
			);
			fileSystemSynchronizedGroups = (
				A918CDAF2DABE15300533615 /* WebsiteListAppUITests */,
			);
			name = WebsiteListAppUITests;
			packageProductDependencies = (
			);
			productName = WebsiteListAppUITests;
			productReference = A918CDAC2DABE15300533615 /* WebsiteListAppUITests.xctest */;
			productType = "com.apple.product-type.bundle.ui-testing";
		};
/* End PBXNativeTarget section */

/* Begin PBXProject section */
		A918CD892DABE15100533615 /* Project object */ = {
			isa = PBXProject;
			attributes = {
				BuildIndependentTargetsInParallel = 1;
				LastSwiftUpdateCheck = 1620;
				LastUpgradeCheck = 1620;
				TargetAttributes = {
					A918CD902DABE15100533615 = {
						CreatedOnToolsVersion = 16.2;
					};
					A918CDA12DABE15300533615 = {
						CreatedOnToolsVersion = 16.2;
						TestTargetID = A918CD902DABE15100533615;
					};
					A918CDAB2DABE15300533615 = {
						CreatedOnToolsVersion = 16.2;
						TestTargetID = A918CD902DABE15100533615;
					};
				};
			};
			buildConfigurationList = A918CD8C2DABE15100533615 /* Build configuration list for PBXProject "WebsiteListApp" */;
			developmentRegion = en;
			hasScannedForEncodings = 0;
			knownRegions = (
				en,
				Base,
			);
			mainGroup = A918CD882DABE15100533615;
			minimizedProjectReferenceProxies = 1;
			preferredProjectObjectVersion = 77;
			productRefGroup = A918CD922DABE15100533615 /* Products */;
			projectDirPath = "";
			projectRoot = "";
			targets = (
				A918CD902DABE15100533615 /* WebsiteListApp */,
				A918CDA12DABE15300533615 /* WebsiteListAppTests */,
				A918CDAB2DABE15300533615 /* WebsiteListAppUITests */,
			);
		};
/* End PBXProject section */

/* Begin PBXResourcesBuildPhase section */
		A918CD8F2DABE15100533615 /* Resources */ = {
			isa = PBXResourcesBuildPhase;
			buildActionMask = 2147483647;
			files = (
				A918CDC62DABE72000533615 /* README.md in Resources */,
			);
			runOnlyForDeploymentPostprocessing = 0;
		};
		A918CDA02DABE15300533615 /* Resources */ = {
			isa = PBXResourcesBuildPhase;
			buildActionMask = 2147483647;
			files = (
			);
			runOnlyForDeploymentPostprocessing = 0;
		};
		A918CDAA2DABE15300533615 /* Resources */ = {
			isa = PBXResourcesBuildPhase;
			buildActionMask = 2147483647;
			files = (
			);
			runOnlyForDeploymentPostprocessing = 0;
		};
/* End PBXResourcesBuildPhase section */

/* Begin PBXSourcesBuildPhase section */
		A918CD8D2DABE15100533615 /* Sources */ = {
			isa = PBXSourcesBuildPhase;
			buildActionMask = 2147483647;
			files = (
			);
			runOnlyForDeploymentPostprocessing = 0;
		};
		A918CD9E2DABE15300533615 /* Sources */ = {
			isa = PBXSourcesBuildPhase;
			buildActionMask = 2147483647;
			files = (
			);
			runOnlyForDeploymentPostprocessing = 0;
		};
		A918CDA82DABE15300533615 /* Sources */ = {
			isa = PBXSourcesBuildPhase;
			buildActionMask = 2147483647;
			files = (
			);
			runOnlyForDeploymentPostprocessing = 0;
		};
/* End PBXSourcesBuildPhase section */

/* Begin PBXTargetDependency section */
		A918CDA42DABE15300533615 /* PBXTargetDependency */ = {
			isa = PBXTargetDependency;
			target = A918CD902DABE15100533615 /* WebsiteListApp */;
			targetProxy = A918CDA32DABE15300533615 /* PBXContainerItemProxy */;
		};
		A918CDAE2DABE15300533615 /* PBXTargetDependency */ = {
			isa = PBXTargetDependency;
			target = A918CD902DABE15100533615 /* WebsiteListApp */;
			targetProxy = A918CDAD2DABE15300533615 /* PBXContainerItemProxy */;
		};
/* End PBXTargetDependency section */

/* Begin XCBuildConfiguration section */
		A918CDB42DABE15300533615 /* Debug */ = {
			isa = XCBuildConfiguration;
			buildSettings = {
				ALWAYS_SEARCH_USER_PATHS = NO;
				ASSETCATALOG_COMPILER_GENERATE_SWIFT_ASSET_SYMBOL_EXTENSIONS = YES;
				CLANG_ANALYZER_NONNULL = YES;
				CLANG_ANALYZER_NUMBER_OBJECT_CONVERSION = YES_AGGRESSIVE;
				CLANG_CXX_LANGUAGE_STANDARD = "gnu++20";
				CLANG_ENABLE_MODULES = YES;
				CLANG_ENABLE_OBJC_ARC = YES;
				CLANG_ENABLE_OBJC_WEAK = YES;
				CLANG_WARN_BLOCK_CAPTURE_AUTORELEASING = YES;
				CLANG_WARN_BOOL_CONVERSION = YES;
				CLANG_WARN_COMMA = YES;
				CLANG_WARN_CONSTANT_CONVERSION = YES;
				CLANG_WARN_DEPRECATED_OBJC_IMPLEMENTATIONS = YES;
				CLANG_WARN_DIRECT_OBJC_ISA_USAGE = YES_ERROR;
				CLANG_WARN_DOCUMENTATION_COMMENTS = YES;
				CLANG_WARN_EMPTY_BODY = YES;
				CLANG_WARN_ENUM_CONVERSION = YES;
				CLANG_WARN_INFINITE_RECURSION = YES;
				CLANG_WARN_INT_CONVERSION = YES;
				CLANG_WARN_NON_LITERAL_NULL_CONVERSION = YES;
				CLANG_WARN_OBJC_IMPLICIT_RETAIN_SELF = YES;
				CLANG_WARN_OBJC_LITERAL_CONVERSION = YES;
				CLANG_WARN_OBJC_ROOT_CLASS = YES_ERROR;
				CLANG_WARN_QUOTED_INCLUDE_IN_FRAMEWORK_HEADER = YES;
				CLANG_WARN_RANGE_LOOP_ANALYSIS = YES;
				CLANG_WARN_STRICT_PROTOTYPES = YES;
				CLANG_WARN_SUSPICIOUS_MOVE = YES;
				CLANG_WARN_UNGUARDED_AVAILABILITY = YES_AGGRESSIVE;
				CLANG_WARN_UNREACHABLE_CODE = YES;
				CLANG_WARN__DUPLICATE_METHOD_MATCH = YES;
				COPY_PHASE_STRIP = NO;
				DEBUG_INFORMATION_FORMAT = dwarf;
				ENABLE_STRICT_OBJC_MSGSEND = YES;
				ENABLE_TESTABILITY = YES;
				ENABLE_USER_SCRIPT_SANDBOXING = YES;
				GCC_C_LANGUAGE_STANDARD = gnu17;
				GCC_DYNAMIC_NO_PIC = NO;
				GCC_NO_COMMON_BLOCKS = YES;
				GCC_OPTIMIZATION_LEVEL = 0;
				GCC_PREPROCESSOR_DEFINITIONS = (
					"DEBUG=1",
					"$(inherited)",
				);
				GCC_WARN_64_TO_32_BIT_CONVERSION = YES;
				GCC_WARN_ABOUT_RETURN_TYPE = YES_ERROR;
				GCC_WARN_UNDECLARED_SELECTOR = YES;
				GCC_WARN_UNINITIALIZED_AUTOS = YES_AGGRESSIVE;
				GCC_WARN_UNUSED_FUNCTION = YES;
				GCC_WARN_UNUSED_VARIABLE = YES;
				LOCALIZATION_PREFERS_STRING_CATALOGS = YES;
				MACOSX_DEPLOYMENT_TARGET = 15.1;
				MTL_ENABLE_DEBUG_INFO = INCLUDE_SOURCE;
				MTL_FAST_MATH = YES;
				ONLY_ACTIVE_ARCH = YES;
				SDKROOT = macosx;
				SWIFT_ACTIVE_COMPILATION_CONDITIONS = "DEBUG $(inherited)";
				SWIFT_OPTIMIZATION_LEVEL = "-Onone";
			};
			name = Debug;
		};
		A918CDB52DABE15300533615 /* Release */ = {
			isa = XCBuildConfiguration;
			buildSettings = {
				ALWAYS_SEARCH_USER_PATHS = NO;
				ASSETCATALOG_COMPILER_GENERATE_SWIFT_ASSET_SYMBOL_EXTENSIONS = YES;
				CLANG_ANALYZER_NONNULL = YES;
				CLANG_ANALYZER_NUMBER_OBJECT_CONVERSION = YES_AGGRESSIVE;
				CLANG_CXX_LANGUAGE_STANDARD = "gnu++20";
				CLANG_ENABLE_MODULES = YES;
				CLANG_ENABLE_OBJC_ARC = YES;
				CLANG_ENABLE_OBJC_WEAK = YES;
				CLANG_WARN_BLOCK_CAPTURE_AUTORELEASING = YES;
				CLANG_WARN_BOOL_CONVERSION = YES;
				CLANG_WARN_COMMA = YES;
				CLANG_WARN_CONSTANT_CONVERSION = YES;
				CLANG_WARN_DEPRECATED_OBJC_IMPLEMENTATIONS = YES;
				CLANG_WARN_DIRECT_OBJC_ISA_USAGE = YES_ERROR;
				CLANG_WARN_DOCUMENTATION_COMMENTS = YES;
				CLANG_WARN_EMPTY_BODY = YES;
				CLANG_WARN_ENUM_CONVERSION = YES;
				CLANG_WARN_INFINITE_RECURSION = YES;
				CLANG_WARN_INT_CONVERSION = YES;
				CLANG_WARN_NON_LITERAL_NULL_CONVERSION = YES;
				CLANG_WARN_OBJC_IMPLICIT_RETAIN_SELF = YES;
				CLANG_WARN_OBJC_LITERAL_CONVERSION = YES;
				CLANG_WARN_OBJC_ROOT_CLASS = YES_ERROR;
				CLANG_WARN_QUOTED_INCLUDE_IN_FRAMEWORK_HEADER = YES;
				CLANG_WARN_RANGE_LOOP_ANALYSIS = YES;
				CLANG_WARN_STRICT_PROTOTYPES = YES;
				CLANG_WARN_SUSPICIOUS_MOVE = YES;
				CLANG_WARN_UNGUARDED_AVAILABILITY = YES_AGGRESSIVE;
				CLANG_WARN_UNREACHABLE_CODE = YES;
				CLANG_WARN__DUPLICATE_METHOD_MATCH = YES;
				COPY_PHASE_STRIP = NO;
				DEBUG_INFORMATION_FORMAT = "dwarf-with-dsym";
				ENABLE_NS_ASSERTIONS = NO;
				ENABLE_STRICT_OBJC_MSGSEND = YES;
				ENABLE_USER_SCRIPT_SANDBOXING = YES;
				GCC_C_LANGUAGE_STANDARD = gnu17;
				GCC_NO_COMMON_BLOCKS = YES;
				GCC_WARN_64_TO_32_BIT_CONVERSION = YES;
				GCC_WARN_ABOUT_RETURN_TYPE = YES_ERROR;
				GCC_WARN_UNDECLARED_SELECTOR = YES;
				GCC_WARN_UNINITIALIZED_AUTOS = YES_AGGRESSIVE;
				GCC_WARN_UNUSED_FUNCTION = YES;
				GCC_WARN_UNUSED_VARIABLE = YES;
				LOCALIZATION_PREFERS_STRING_CATALOGS = YES;
				MACOSX_DEPLOYMENT_TARGET = 15.1;
				MTL_ENABLE_DEBUG_INFO = NO;
				MTL_FAST_MATH = YES;
				SDKROOT = macosx;
				SWIFT_COMPILATION_MODE = wholemodule;
			};
			name = Release;
		};
		A918CDB72DABE15300533615 /* Debug */ = {
			isa = XCBuildConfiguration;
			buildSettings = {
				ASSETCATALOG_COMPILER_APPICON_NAME = AppIcon;
				ASSETCATALOG_COMPILER_GLOBAL_ACCENT_COLOR_NAME = AccentColor;
				CODE_SIGN_ENTITLEMENTS = WebsiteListApp/WebsiteListApp.entitlements;
				CODE_SIGN_STYLE = Automatic;
				COMBINE_HIDPI_IMAGES = YES;
				CURRENT_PROJECT_VERSION = 1;
				DEVELOPMENT_ASSET_PATHS = "\"WebsiteListApp/Preview Content\"";
				DEVELOPMENT_TEAM = 9LYA6JXH3A;
				ENABLE_HARDENED_RUNTIME = YES;
				ENABLE_PREVIEWS = YES;
				GENERATE_INFOPLIST_FILE = YES;
				INFOPLIST_KEY_NSHumanReadableCopyright = "";
				LD_RUNPATH_SEARCH_PATHS = (
					"$(inherited)",
					"@executable_path/../Frameworks",
				);
				MARKETING_VERSION = 1.0;
				PRODUCT_BUNDLE_IDENTIFIER = com.ayushkumar.WebsiteListApp;
				PRODUCT_NAME = "$(TARGET_NAME)";
				SUPPORTED_PLATFORMS = "iphoneos iphonesimulator macosx";
				SUPPORTS_MACCATALYST = NO;
				SWIFT_EMIT_LOC_STRINGS = YES;
				SWIFT_VERSION = 5.0;
				TARGETED_DEVICE_FAMILY = 1;
			};
			name = Debug;
		};
		A918CDB82DABE15300533615 /* Release */ = {
			isa = XCBuildConfiguration;
			buildSettings = {
				ASSETCATALOG_COMPILER_APPICON_NAME = AppIcon;
				ASSETCATALOG_COMPILER_GLOBAL_ACCENT_COLOR_NAME = AccentColor;
				CODE_SIGN_ENTITLEMENTS = WebsiteListApp/WebsiteListApp.entitlements;
				CODE_SIGN_STYLE = Automatic;
				COMBINE_HIDPI_IMAGES = YES;
				CURRENT_PROJECT_VERSION = 1;
				DEVELOPMENT_ASSET_PATHS = "\"WebsiteListApp/Preview Content\"";
				DEVELOPMENT_TEAM = 9LYA6JXH3A;
				ENABLE_HARDENED_RUNTIME = YES;
				ENABLE_PREVIEWS = YES;
				GENERATE_INFOPLIST_FILE = YES;
				INFOPLIST_KEY_NSHumanReadableCopyright = "";
				LD_RUNPATH_SEARCH_PATHS = (
					"$(inherited)",
					"@executable_path/../Frameworks",
				);
				MARKETING_VERSION = 1.0;
				PRODUCT_BUNDLE_IDENTIFIER = com.ayushkumar.WebsiteListApp;
				PRODUCT_NAME = "$(TARGET_NAME)";
				SUPPORTED_PLATFORMS = "iphoneos iphonesimulator macosx";
				SUPPORTS_MACCATALYST = NO;
				SWIFT_EMIT_LOC_STRINGS = YES;
				SWIFT_VERSION = 5.0;
				TARGETED_DEVICE_FAMILY = 1;
			};
			name = Release;
		};
		A918CDBA2DABE15300533615 /* Debug */ = {
			isa = XCBuildConfiguration;
			buildSettings = {
				BUNDLE_LOADER = "$(TEST_HOST)";
				CODE_SIGN_STYLE = Automatic;
				CURRENT_PROJECT_VERSION = 1;
				DEVELOPMENT_TEAM = 9LYA6JXH3A;
				GENERATE_INFOPLIST_FILE = YES;
				MACOSX_DEPLOYMENT_TARGET = 15.1;
				MARKETING_VERSION = 1.0;
				PRODUCT_BUNDLE_IDENTIFIER = com.ayushkumar.WebsiteListAppTests;
				PRODUCT_NAME = "$(TARGET_NAME)";
				SWIFT_EMIT_LOC_STRINGS = NO;
				SWIFT_VERSION = 5.0;
				TEST_HOST = "$(BUILT_PRODUCTS_DIR)/WebsiteListApp.app/$(BUNDLE_EXECUTABLE_FOLDER_PATH)/WebsiteListApp";
			};
			name = Debug;
		};
		A918CDBB2DABE15300533615 /* Release */ = {
			isa = XCBuildConfiguration;
			buildSettings = {
				BUNDLE_LOADER = "$(TEST_HOST)";
				CODE_SIGN_STYLE = Automatic;
				CURRENT_PROJECT_VERSION = 1;
				DEVELOPMENT_TEAM = 9LYA6JXH3A;
				GENERATE_INFOPLIST_FILE = YES;
				MACOSX_DEPLOYMENT_TARGET = 15.1;
				MARKETING_VERSION = 1.0;
				PRODUCT_BUNDLE_IDENTIFIER = com.ayushkumar.WebsiteListAppTests;
				PRODUCT_NAME = "$(TARGET_NAME)";
				SWIFT_EMIT_LOC_STRINGS = NO;
				SWIFT_VERSION = 5.0;
				TEST_HOST = "$(BUILT_PRODUCTS_DIR)/WebsiteListApp.app/$(BUNDLE_EXECUTABLE_FOLDER_PATH)/WebsiteListApp";
			};
			name = Release;
		};
		A918CDBD2DABE15300533615 /* Debug */ = {
			isa = XCBuildConfiguration;
			buildSettings = {
				CODE_SIGN_STYLE = Automatic;
				CURRENT_PROJECT_VERSION = 1;
				DEVELOPMENT_TEAM = 9LYA6JXH3A;
				GENERATE_INFOPLIST_FILE = YES;
				MARKETING_VERSION = 1.0;
				PRODUCT_BUNDLE_IDENTIFIER = com.ayushkumar.WebsiteListAppUITests;
				PRODUCT_NAME = "$(TARGET_NAME)";
				SWIFT_EMIT_LOC_STRINGS = NO;
				SWIFT_VERSION = 5.0;
				TEST_TARGET_NAME = WebsiteListApp;
			};
			name = Debug;
		};
		A918CDBE2DABE15300533615 /* Release */ = {
			isa = XCBuildConfiguration;
			buildSettings = {
				CODE_SIGN_STYLE = Automatic;
				CURRENT_PROJECT_VERSION = 1;
				DEVELOPMENT_TEAM = 9LYA6JXH3A;
				GENERATE_INFOPLIST_FILE = YES;
				MARKETING_VERSION = 1.0;
				PRODUCT_BUNDLE_IDENTIFIER = com.ayushkumar.WebsiteListAppUITests;
				PRODUCT_NAME = "$(TARGET_NAME)";
				SWIFT_EMIT_LOC_STRINGS = NO;
				SWIFT_VERSION = 5.0;
				TEST_TARGET_NAME = WebsiteListApp;
			};
			name = Release;
		};
/* End XCBuildConfiguration section */

/* Begin XCConfigurationList section */
		A918CD8C2DABE15100533615 /* Build configuration list for PBXProject "WebsiteListApp" */ = {
			isa = XCConfigurationList;
			buildConfigurations = (
				A918CDB42DABE15300533615 /* Debug */,
				A918CDB52DABE15300533615 /* Release */,
			);
			defaultConfigurationIsVisible = 0;
			defaultConfigurationName = Release;
		};
		A918CDB62DABE15300533615 /* Build configuration list for PBXNativeTarget "WebsiteListApp" */ = {
			isa = XCConfigurationList;
			buildConfigurations = (
				A918CDB72DABE15300533615 /* Debug */,
				A918CDB82DABE15300533615 /* Release */,
			);
			defaultConfigurationIsVisible = 0;
			defaultConfigurationName = Release;
		};
		A918CDB92DABE15300533615 /* Build configuration list for PBXNativeTarget "WebsiteListAppTests" */ = {
			isa = XCConfigurationList;
			buildConfigurations = (
				A918CDBA2DABE15300533615 /* Debug */,
				A918CDBB2DABE15300533615 /* Release */,
			);
			defaultConfigurationIsVisible = 0;
			defaultConfigurationName = Release;
		};
		A918CDBC2DABE15300533615 /* Build configuration list for PBXNativeTarget "WebsiteListAppUITests" */ = {
			isa = XCConfigurationList;
			buildConfigurations = (
				A918CDBD2DABE15300533615 /* Debug */,
				A918CDBE2DABE15300533615 /* Release */,
			);
			defaultConfigurationIsVisible = 0;
			defaultConfigurationName = Release;
		};
/* End XCConfigurationList section */
	};
	rootObject = A918CD892DABE15100533615 /* Project object */;
}
